// !$*UTF8*$!
{
	archiveVersion = 1;
	classes = {
	};
	objectVersion = 56;
	objects = {

/* Begin PBXBuildFile section */
		B00DAB672A949C1E00AD32CB /* GridRotateAlternate.swift in Sources */ = {isa = PBXBuildFile; fileRef = B00DAB662A949C1E00AD32CB /* GridRotateAlternate.swift */; };
		B00DAB6B2A949CB000AD32CB /* PatternAlternateScale.swift in Sources */ = {isa = PBXBuildFile; fileRef = B00DAB6A2A949CB000AD32CB /* PatternAlternateScale.swift */; };
		B0E1FDA32A947EC20054531A /* YinYangApp.swift in Sources */ = {isa = PBXBuildFile; fileRef = B0E1FDA22A947EC20054531A /* YinYangApp.swift */; };
		B0E1FDA52A947EC20054531A /* ContentView.swift in Sources */ = {isa = PBXBuildFile; fileRef = B0E1FDA42A947EC20054531A /* ContentView.swift */; };
		B0E1FDA72A947EC30054531A /* Assets.xcassets in Resources */ = {isa = PBXBuildFile; fileRef = B0E1FDA62A947EC30054531A /* Assets.xcassets */; };
		B0E1FDAA2A947EC30054531A /* Preview Assets.xcassets in Resources */ = {isa = PBXBuildFile; fileRef = B0E1FDA92A947EC30054531A /* Preview Assets.xcassets */; };
		B0E1FDB42A947EC30054531A /* YinYangTests.swift in Sources */ = {isa = PBXBuildFile; fileRef = B0E1FDB32A947EC30054531A /* YinYangTests.swift */; };
		B0E1FDBE2A947EC30054531A /* YinYangUITests.swift in Sources */ = {isa = PBXBuildFile; fileRef = B0E1FDBD2A947EC30054531A /* YinYangUITests.swift */; };
		B0E1FDC02A947EC30054531A /* YinYangUITestsLaunchTests.swift in Sources */ = {isa = PBXBuildFile; fileRef = B0E1FDBF2A947EC30054531A /* YinYangUITestsLaunchTests.swift */; };
		B0E1FDCE2A94805D0054531A /* TransitionTest.swift in Sources */ = {isa = PBXBuildFile; fileRef = B0E1FDCD2A94805D0054531A /* TransitionTest.swift */; };
		B0E1FDD02A9481720054531A /* PortalYinYang.swift in Sources */ = {isa = PBXBuildFile; fileRef = B0E1FDCF2A9481720054531A /* PortalYinYang.swift */; };
		B0E1FDD22A9481E30054531A /* CombineYinYang.swift in Sources */ = {isa = PBXBuildFile; fileRef = B0E1FDD12A9481E30054531A /* CombineYinYang.swift */; };
		B0E1FDD42A94821E0054531A /* YinYangScale.swift in Sources */ = {isa = PBXBuildFile; fileRef = B0E1FDD32A94821E0054531A /* YinYangScale.swift */; };
		B0E1FDD62A94825E0054531A /* MoveRight.swift in Sources */ = {isa = PBXBuildFile; fileRef = B0E1FDD52A94825E0054531A /* MoveRight.swift */; };
		B0E1FDD82A9482E10054531A /* PatternScale.swift in Sources */ = {isa = PBXBuildFile; fileRef = B0E1FDD72A9482E10054531A /* PatternScale.swift */; };
		B0E1FDDA2A9483200054531A /* MoveLeft.swift in Sources */ = {isa = PBXBuildFile; fileRef = B0E1FDD92A9483200054531A /* MoveLeft.swift */; };
		B0E1FDDC2A9483C60054531A /* OrbitTwoYinYang.swift in Sources */ = {isa = PBXBuildFile; fileRef = B0E1FDDB2A9483C60054531A /* OrbitTwoYinYang.swift */; };
		B0E1FDDE2A9484110054531A /* MoveDown.swift in Sources */ = {isa = PBXBuildFile; fileRef = B0E1FDDD2A9484110054531A /* MoveDown.swift */; };
		B0E1FDE02A9484760054531A /* GridRotateSync.swift in Sources */ = {isa = PBXBuildFile; fileRef = B0E1FDDF2A9484760054531A /* GridRotateSync.swift */; };
		B0E1FDE22A9484AE0054531A /* MoveUp.swift in Sources */ = {isa = PBXBuildFile; fileRef = B0E1FDE12A9484AE0054531A /* MoveUp.swift */; };
		B0E1FDE42A94851A0054531A /* PatternHalfScale.swift in Sources */ = {isa = PBXBuildFile; fileRef = B0E1FDE32A94851A0054531A /* PatternHalfScale.swift */; };
/* End PBXBuildFile section */

/* Begin PBXContainerItemProxy section */
		B0E1FDB02A947EC30054531A /* PBXContainerItemProxy */ = {
			isa = PBXContainerItemProxy;
			containerPortal = B0E1FD972A947EC20054531A /* Project object */;
			proxyType = 1;
			remoteGlobalIDString = B0E1FD9E2A947EC20054531A;
			remoteInfo = YinYang;
		};
		B0E1FDBA2A947EC30054531A /* PBXContainerItemProxy */ = {
			isa = PBXContainerItemProxy;
			containerPortal = B0E1FD972A947EC20054531A /* Project object */;
			proxyType = 1;
			remoteGlobalIDString = B0E1FD9E2A947EC20054531A;
			remoteInfo = YinYang;
		};
/* End PBXContainerItemProxy section */

/* Begin PBXFileReference section */
		B00DAB662A949C1E00AD32CB /* GridRotateAlternate.swift */ = {isa = PBXFileReference; lastKnownFileType = sourcecode.swift; path = GridRotateAlternate.swift; sourceTree = "<group>"; };
		B00DAB6A2A949CB000AD32CB /* PatternAlternateScale.swift */ = {isa = PBXFileReference; lastKnownFileType = sourcecode.swift; path = PatternAlternateScale.swift; sourceTree = "<group>"; };
		B0E1FD9F2A947EC20054531A /* YinYang.app */ = {isa = PBXFileReference; explicitFileType = wrapper.application; includeInIndex = 0; path = YinYang.app; sourceTree = BUILT_PRODUCTS_DIR; };
		B0E1FDA22A947EC20054531A /* YinYangApp.swift */ = {isa = PBXFileReference; lastKnownFileType = sourcecode.swift; path = YinYangApp.swift; sourceTree = "<group>"; };
		B0E1FDA42A947EC20054531A /* ContentView.swift */ = {isa = PBXFileReference; lastKnownFileType = sourcecode.swift; path = ContentView.swift; sourceTree = "<group>"; };
		B0E1FDA62A947EC30054531A /* Assets.xcassets */ = {isa = PBXFileReference; lastKnownFileType = folder.assetcatalog; path = Assets.xcassets; sourceTree = "<group>"; };
		B0E1FDA92A947EC30054531A /* Preview Assets.xcassets */ = {isa = PBXFileReference; lastKnownFileType = folder.assetcatalog; path = "Preview Assets.xcassets"; sourceTree = "<group>"; };
		B0E1FDAF2A947EC30054531A /* YinYangTests.xctest */ = {isa = PBXFileReference; explicitFileType = wrapper.cfbundle; includeInIndex = 0; path = YinYangTests.xctest; sourceTree = BUILT_PRODUCTS_DIR; };
		B0E1FDB32A947EC30054531A /* YinYangTests.swift */ = {isa = PBXFileReference; lastKnownFileType = sourcecode.swift; path = YinYangTests.swift; sourceTree = "<group>"; };
		B0E1FDB92A947EC30054531A /* YinYangUITests.xctest */ = {isa = PBXFileReference; explicitFileType = wrapper.cfbundle; includeInIndex = 0; path = YinYangUITests.xctest; sourceTree = BUILT_PRODUCTS_DIR; };
		B0E1FDBD2A947EC30054531A /* YinYangUITests.swift */ = {isa = PBXFileReference; lastKnownFileType = sourcecode.swift; path = YinYangUITests.swift; sourceTree = "<group>"; };
		B0E1FDBF2A947EC30054531A /* YinYangUITestsLaunchTests.swift */ = {isa = PBXFileReference; lastKnownFileType = sourcecode.swift; path = YinYangUITestsLaunchTests.swift; sourceTree = "<group>"; };
		B0E1FDCD2A94805D0054531A /* TransitionTest.swift */ = {isa = PBXFileReference; lastKnownFileType = sourcecode.swift; path = TransitionTest.swift; sourceTree = "<group>"; };
		B0E1FDCF2A9481720054531A /* PortalYinYang.swift */ = {isa = PBXFileReference; lastKnownFileType = sourcecode.swift; path = PortalYinYang.swift; sourceTree = "<group>"; };
		B0E1FDD12A9481E30054531A /* CombineYinYang.swift */ = {isa = PBXFileReference; lastKnownFileType = sourcecode.swift; path = CombineYinYang.swift; sourceTree = "<group>"; };
		B0E1FDD32A94821E0054531A /* YinYangScale.swift */ = {isa = PBXFileReference; lastKnownFileType = sourcecode.swift; path = YinYangScale.swift; sourceTree = "<group>"; };
		B0E1FDD52A94825E0054531A /* MoveRight.swift */ = {isa = PBXFileReference; lastKnownFileType = sourcecode.swift; path = MoveRight.swift; sourceTree = "<group>"; };
		B0E1FDD72A9482E10054531A /* PatternScale.swift */ = {isa = PBXFileReference; lastKnownFileType = sourcecode.swift; path = PatternScale.swift; sourceTree = "<group>"; };
		B0E1FDD92A9483200054531A /* MoveLeft.swift */ = {isa = PBXFileReference; lastKnownFileType = sourcecode.swift; path = MoveLeft.swift; sourceTree = "<group>"; };
		B0E1FDDB2A9483C60054531A /* OrbitTwoYinYang.swift */ = {isa = PBXFileReference; lastKnownFileType = sourcecode.swift; path = OrbitTwoYinYang.swift; sourceTree = "<group>"; };
		B0E1FDDD2A9484110054531A /* MoveDown.swift */ = {isa = PBXFileReference; lastKnownFileType = sourcecode.swift; path = MoveDown.swift; sourceTree = "<group>"; };
		B0E1FDDF2A9484760054531A /* GridRotateSync.swift */ = {isa = PBXFileReference; lastKnownFileType = sourcecode.swift; path = GridRotateSync.swift; sourceTree = "<group>"; };
		B0E1FDE12A9484AE0054531A /* MoveUp.swift */ = {isa = PBXFileReference; lastKnownFileType = sourcecode.swift; path = MoveUp.swift; sourceTree = "<group>"; };
		B0E1FDE32A94851A0054531A /* PatternHalfScale.swift */ = {isa = PBXFileReference; lastKnownFileType = sourcecode.swift; path = PatternHalfScale.swift; sourceTree = "<group>"; };
/* End PBXFileReference section */

/* Begin PBXFrameworksBuildPhase section */
		B0E1FD9C2A947EC20054531A /* Frameworks */ = {
			isa = PBXFrameworksBuildPhase;
			buildActionMask = 2147483647;
			files = (
			);
			runOnlyForDeploymentPostprocessing = 0;
		};
		B0E1FDAC2A947EC30054531A /* Frameworks */ = {
			isa = PBXFrameworksBuildPhase;
			buildActionMask = 2147483647;
			files = (
			);
			runOnlyForDeploymentPostprocessing = 0;
		};
		B0E1FDB62A947EC30054531A /* Frameworks */ = {
			isa = PBXFrameworksBuildPhase;
			buildActionMask = 2147483647;
			files = (
			);
			runOnlyForDeploymentPostprocessing = 0;
		};
/* End PBXFrameworksBuildPhase section */

/* Begin PBXGroup section */
		B0E1FD962A947EC20054531A = {
			isa = PBXGroup;
			children = (
				B0E1FDA12A947EC20054531A /* YinYang */,
				B0E1FDB22A947EC30054531A /* YinYangTests */,
				B0E1FDBC2A947EC30054531A /* YinYangUITests */,
				B0E1FDA02A947EC20054531A /* Products */,
			);
			sourceTree = "<group>";
		};
		B0E1FDA02A947EC20054531A /* Products */ = {
			isa = PBXGroup;
			children = (
				B0E1FD9F2A947EC20054531A /* YinYang.app */,
				B0E1FDAF2A947EC30054531A /* YinYangTests.xctest */,
				B0E1FDB92A947EC30054531A /* YinYangUITests.xctest */,
			);
			name = Products;
			sourceTree = "<group>";
		};
		B0E1FDA12A947EC20054531A /* YinYang */ = {
			isa = PBXGroup;
			children = (
				B0E1FDCC2A9480260054531A /* Animations */,
				B0E1FDA22A947EC20054531A /* YinYangApp.swift */,
				B0E1FDA42A947EC20054531A /* ContentView.swift */,
				B0E1FDA62A947EC30054531A /* Assets.xcassets */,
				B0E1FDA82A947EC30054531A /* Preview Content */,
			);
			path = YinYang;
			sourceTree = "<group>";
		};
		B0E1FDA82A947EC30054531A /* Preview Content */ = {
			isa = PBXGroup;
			children = (
				B0E1FDA92A947EC30054531A /* Preview Assets.xcassets */,
			);
			path = "Preview Content";
			sourceTree = "<group>";
		};
		B0E1FDB22A947EC30054531A /* YinYangTests */ = {
			isa = PBXGroup;
			children = (
				B0E1FDB32A947EC30054531A /* YinYangTests.swift */,
			);
			path = YinYangTests;
			sourceTree = "<group>";
		};
		B0E1FDBC2A947EC30054531A /* YinYangUITests */ = {
			isa = PBXGroup;
			children = (
				B0E1FDBD2A947EC30054531A /* YinYangUITests.swift */,
				B0E1FDBF2A947EC30054531A /* YinYangUITestsLaunchTests.swift */,
			);
			path = YinYangUITests;
			sourceTree = "<group>";
		};
		B0E1FDCC2A9480260054531A /* Animations */ = {
			isa = PBXGroup;
			children = (
				B0E1FDCD2A94805D0054531A /* TransitionTest.swift */,
				B0E1FDCF2A9481720054531A /* PortalYinYang.swift */,
				B0E1FDD12A9481E30054531A /* CombineYinYang.swift */,
				B0E1FDD32A94821E0054531A /* YinYangScale.swift */,
				B0E1FDD52A94825E0054531A /* MoveRight.swift */,
				B0E1FDD72A9482E10054531A /* PatternScale.swift */,
				B0E1FDD92A9483200054531A /* MoveLeft.swift */,
				B0E1FDDB2A9483C60054531A /* OrbitTwoYinYang.swift */,
				B0E1FDDD2A9484110054531A /* MoveDown.swift */,
				B0E1FDDF2A9484760054531A /* GridRotateSync.swift */,
				B0E1FDE12A9484AE0054531A /* MoveUp.swift */,
				B0E1FDE32A94851A0054531A /* PatternHalfScale.swift */,
				B00DAB662A949C1E00AD32CB /* GridRotateAlternate.swift */,
				B00DAB6A2A949CB000AD32CB /* PatternAlternateScale.swift */,
			);
			path = Animations;
			sourceTree = "<group>";
		};
/* End PBXGroup section */

/* Begin PBXNativeTarget section */
		B0E1FD9E2A947EC20054531A /* YinYang */ = {
			isa = PBXNativeTarget;
			buildConfigurationList = B0E1FDC32A947EC30054531A /* Build configuration list for PBXNativeTarget "YinYang" */;
			buildPhases = (
				B0E1FD9B2A947EC20054531A /* Sources */,
				B0E1FD9C2A947EC20054531A /* Frameworks */,
				B0E1FD9D2A947EC20054531A /* Resources */,
			);
			buildRules = (
			);
			dependencies = (
			);
			name = YinYang;
			productName = YinYang;
			productReference = B0E1FD9F2A947EC20054531A /* YinYang.app */;
			productType = "com.apple.product-type.application";
		};
		B0E1FDAE2A947EC30054531A /* YinYangTests */ = {
			isa = PBXNativeTarget;
			buildConfigurationList = B0E1FDC62A947EC30054531A /* Build configuration list for PBXNativeTarget "YinYangTests" */;
			buildPhases = (
				B0E1FDAB2A947EC30054531A /* Sources */,
				B0E1FDAC2A947EC30054531A /* Frameworks */,
				B0E1FDAD2A947EC30054531A /* Resources */,
			);
			buildRules = (
			);
			dependencies = (
				B0E1FDB12A947EC30054531A /* PBXTargetDependency */,
			);
			name = YinYangTests;
			productName = YinYangTests;
			productReference = B0E1FDAF2A947EC30054531A /* YinYangTests.xctest */;
			productType = "com.apple.product-type.bundle.unit-test";
		};
		B0E1FDB82A947EC30054531A /* YinYangUITests */ = {
			isa = PBXNativeTarget;
			buildConfigurationList = B0E1FDC92A947EC30054531A /* Build configuration list for PBXNativeTarget "YinYangUITests" */;
			buildPhases = (
				B0E1FDB52A947EC30054531A /* Sources */,
				B0E1FDB62A947EC30054531A /* Frameworks */,
				B0E1FDB72A947EC30054531A /* Resources */,
			);
			buildRules = (
			);
			dependencies = (
				B0E1FDBB2A947EC30054531A /* PBXTargetDependency */,
			);
			name = YinYangUITests;
			productName = YinYangUITests;
			productReference = B0E1FDB92A947EC30054531A /* YinYangUITests.xctest */;
			productType = "com.apple.product-type.bundle.ui-testing";
		};
/* End PBXNativeTarget section */

/* Begin PBXProject section */
		B0E1FD972A947EC20054531A /* Project object */ = {
			isa = PBXProject;
			attributes = {
				BuildIndependentTargetsInParallel = 1;
				LastSwiftUpdateCheck = 1430;
				LastUpgradeCheck = 1430;
				TargetAttributes = {
					B0E1FD9E2A947EC20054531A = {
						CreatedOnToolsVersion = 14.3.1;
					};
					B0E1FDAE2A947EC30054531A = {
						CreatedOnToolsVersion = 14.3.1;
						TestTargetID = B0E1FD9E2A947EC20054531A;
					};
					B0E1FDB82A947EC30054531A = {
						CreatedOnToolsVersion = 14.3.1;
						TestTargetID = B0E1FD9E2A947EC20054531A;
					};
				};
			};
			buildConfigurationList = B0E1FD9A2A947EC20054531A /* Build configuration list for PBXProject "YinYang" */;
			compatibilityVersion = "Xcode 14.0";
			developmentRegion = en;
			hasScannedForEncodings = 0;
			knownRegions = (
				en,
				Base,
			);
			mainGroup = B0E1FD962A947EC20054531A;
			productRefGroup = B0E1FDA02A947EC20054531A /* Products */;
			projectDirPath = "";
			projectRoot = "";
			targets = (
				B0E1FD9E2A947EC20054531A /* YinYang */,
				B0E1FDAE2A947EC30054531A /* YinYangTests */,
				B0E1FDB82A947EC30054531A /* YinYangUITests */,
			);
		};
/* End PBXProject section */

/* Begin PBXResourcesBuildPhase section */
		B0E1FD9D2A947EC20054531A /* Resources */ = {
			isa = PBXResourcesBuildPhase;
			buildActionMask = 2147483647;
			files = (
				B0E1FDAA2A947EC30054531A /* Preview Assets.xcassets in Resources */,
				B0E1FDA72A947EC30054531A /* Assets.xcassets in Resources */,
			);
			runOnlyForDeploymentPostprocessing = 0;
		};
		B0E1FDAD2A947EC30054531A /* Resources */ = {
			isa = PBXResourcesBuildPhase;
			buildActionMask = 2147483647;
			files = (
			);
			runOnlyForDeploymentPostprocessing = 0;
		};
		B0E1FDB72A947EC30054531A /* Resources */ = {
			isa = PBXResourcesBuildPhase;
			buildActionMask = 2147483647;
			files = (
			);
			runOnlyForDeploymentPostprocessing = 0;
		};
/* End PBXResourcesBuildPhase section */

/* Begin PBXSourcesBuildPhase section */
		B0E1FD9B2A947EC20054531A /* Sources */ = {
			isa = PBXSourcesBuildPhase;
			buildActionMask = 2147483647;
			files = (
				B0E1FDE42A94851A0054531A /* PatternHalfScale.swift in Sources */,
				B0E1FDA52A947EC20054531A /* ContentView.swift in Sources */,
				B0E1FDA32A947EC20054531A /* YinYangApp.swift in Sources */,
				B0E1FDD42A94821E0054531A /* YinYangScale.swift in Sources */,
				B0E1FDD82A9482E10054531A /* PatternScale.swift in Sources */,
				B0E1FDCE2A94805D0054531A /* TransitionTest.swift in Sources */,
				B00DAB672A949C1E00AD32CB /* GridRotateAlternate.swift in Sources */,
				B0E1FDE02A9484760054531A /* GridRotateSync.swift in Sources */,
				B0E1FDD22A9481E30054531A /* CombineYinYang.swift in Sources */,
				B0E1FDD02A9481720054531A /* PortalYinYang.swift in Sources */,
				B0E1FDE22A9484AE0054531A /* MoveUp.swift in Sources */,
				B0E1FDDA2A9483200054531A /* MoveLeft.swift in Sources */,
				B00DAB6B2A949CB000AD32CB /* PatternAlternateScale.swift in Sources */,
				B0E1FDDC2A9483C60054531A /* OrbitTwoYinYang.swift in Sources */,
				B0E1FDDE2A9484110054531A /* MoveDown.swift in Sources */,
				B0E1FDD62A94825E0054531A /* MoveRight.swift in Sources */,
			);
			runOnlyForDeploymentPostprocessing = 0;
		};
		B0E1FDAB2A947EC30054531A /* Sources */ = {
			isa = PBXSourcesBuildPhase;
			buildActionMask = 2147483647;
			files = (
				B0E1FDB42A947EC30054531A /* YinYangTests.swift in Sources */,
			);
			runOnlyForDeploymentPostprocessing = 0;
		};
		B0E1FDB52A947EC30054531A /* Sources */ = {
			isa = PBXSourcesBuildPhase;
			buildActionMask = 2147483647;
			files = (
				B0E1FDC02A947EC30054531A /* YinYangUITestsLaunchTests.swift in Sources */,
				B0E1FDBE2A947EC30054531A /* YinYangUITests.swift in Sources */,
			);
			runOnlyForDeploymentPostprocessing = 0;
		};
/* End PBXSourcesBuildPhase section */

/* Begin PBXTargetDependency section */
		B0E1FDB12A947EC30054531A /* PBXTargetDependency */ = {
			isa = PBXTargetDependency;
			target = B0E1FD9E2A947EC20054531A /* YinYang */;
			targetProxy = B0E1FDB02A947EC30054531A /* PBXContainerItemProxy */;
		};
		B0E1FDBB2A947EC30054531A /* PBXTargetDependency */ = {
			isa = PBXTargetDependency;
			target = B0E1FD9E2A947EC20054531A /* YinYang */;
			targetProxy = B0E1FDBA2A947EC30054531A /* PBXContainerItemProxy */;
		};
/* End PBXTargetDependency section */

/* Begin XCBuildConfiguration section */
		B0E1FDC12A947EC30054531A /* Debug */ = {
			isa = XCBuildConfiguration;
			buildSettings = {
				ALWAYS_SEARCH_USER_PATHS = NO;
				CLANG_ANALYZER_NONNULL = YES;
				CLANG_ANALYZER_NUMBER_OBJECT_CONVERSION = YES_AGGRESSIVE;
				CLANG_CXX_LANGUAGE_STANDARD = "gnu++20";
				CLANG_ENABLE_MODULES = YES;
				CLANG_ENABLE_OBJC_ARC = YES;
				CLANG_ENABLE_OBJC_WEAK = YES;
				CLANG_WARN_BLOCK_CAPTURE_AUTORELEASING = YES;
				CLANG_WARN_BOOL_CONVERSION = YES;
				CLANG_WARN_COMMA = YES;
				CLANG_WARN_CONSTANT_CONVERSION = YES;
				CLANG_WARN_DEPRECATED_OBJC_IMPLEMENTATIONS = YES;
				CLANG_WARN_DIRECT_OBJC_ISA_USAGE = YES_ERROR;
				CLANG_WARN_DOCUMENTATION_COMMENTS = YES;
				CLANG_WARN_EMPTY_BODY = YES;
				CLANG_WARN_ENUM_CONVERSION = YES;
				CLANG_WARN_INFINITE_RECURSION = YES;
				CLANG_WARN_INT_CONVERSION = YES;
				CLANG_WARN_NON_LITERAL_NULL_CONVERSION = YES;
				CLANG_WARN_OBJC_IMPLICIT_RETAIN_SELF = YES;
				CLANG_WARN_OBJC_LITERAL_CONVERSION = YES;
				CLANG_WARN_OBJC_ROOT_CLASS = YES_ERROR;
				CLANG_WARN_QUOTED_INCLUDE_IN_FRAMEWORK_HEADER = YES;
				CLANG_WARN_RANGE_LOOP_ANALYSIS = YES;
				CLANG_WARN_STRICT_PROTOTYPES = YES;
				CLANG_WARN_SUSPICIOUS_MOVE = YES;
				CLANG_WARN_UNGUARDED_AVAILABILITY = YES_AGGRESSIVE;
				CLANG_WARN_UNREACHABLE_CODE = YES;
				CLANG_WARN__DUPLICATE_METHOD_MATCH = YES;
				COPY_PHASE_STRIP = NO;
				DEBUG_INFORMATION_FORMAT = dwarf;
				ENABLE_STRICT_OBJC_MSGSEND = YES;
				ENABLE_TESTABILITY = YES;
				GCC_C_LANGUAGE_STANDARD = gnu11;
				GCC_DYNAMIC_NO_PIC = NO;
				GCC_NO_COMMON_BLOCKS = YES;
				GCC_OPTIMIZATION_LEVEL = 0;
				GCC_PREPROCESSOR_DEFINITIONS = (
					"DEBUG=1",
					"$(inherited)",
				);
				GCC_WARN_64_TO_32_BIT_CONVERSION = YES;
				GCC_WARN_ABOUT_RETURN_TYPE = YES_ERROR;
				GCC_WARN_UNDECLARED_SELECTOR = YES;
				GCC_WARN_UNINITIALIZED_AUTOS = YES_AGGRESSIVE;
				GCC_WARN_UNUSED_FUNCTION = YES;
				GCC_WARN_UNUSED_VARIABLE = YES;
				IPHONEOS_DEPLOYMENT_TARGET = 16.4;
				MTL_ENABLE_DEBUG_INFO = INCLUDE_SOURCE;
				MTL_FAST_MATH = YES;
				ONLY_ACTIVE_ARCH = YES;
				SDKROOT = iphoneos;
				SWIFT_ACTIVE_COMPILATION_CONDITIONS = DEBUG;
				SWIFT_OPTIMIZATION_LEVEL = "-Onone";
			};
			name = Debug;
		};
		B0E1FDC22A947EC30054531A /* Release */ = {
			isa = XCBuildConfiguration;
			buildSettings = {
				ALWAYS_SEARCH_USER_PATHS = NO;
				CLANG_ANALYZER_NONNULL = YES;
				CLANG_ANALYZER_NUMBER_OBJECT_CONVERSION = YES_AGGRESSIVE;
				CLANG_CXX_LANGUAGE_STANDARD = "gnu++20";
				CLANG_ENABLE_MODULES = YES;
				CLANG_ENABLE_OBJC_ARC = YES;
				CLANG_ENABLE_OBJC_WEAK = YES;
				CLANG_WARN_BLOCK_CAPTURE_AUTORELEASING = YES;
				CLANG_WARN_BOOL_CONVERSION = YES;
				CLANG_WARN_COMMA = YES;
				CLANG_WARN_CONSTANT_CONVERSION = YES;
				CLANG_WARN_DEPRECATED_OBJC_IMPLEMENTATIONS = YES;
				CLANG_WARN_DIRECT_OBJC_ISA_USAGE = YES_ERROR;
				CLANG_WARN_DOCUMENTATION_COMMENTS = YES;
				CLANG_WARN_EMPTY_BODY = YES;
				CLANG_WARN_ENUM_CONVERSION = YES;
				CLANG_WARN_INFINITE_RECURSION = YES;
				CLANG_WARN_INT_CONVERSION = YES;
				CLANG_WARN_NON_LITERAL_NULL_CONVERSION = YES;
				CLANG_WARN_OBJC_IMPLICIT_RETAIN_SELF = YES;
				CLANG_WARN_OBJC_LITERAL_CONVERSION = YES;
				CLANG_WARN_OBJC_ROOT_CLASS = YES_ERROR;
				CLANG_WARN_QUOTED_INCLUDE_IN_FRAMEWORK_HEADER = YES;
				CLANG_WARN_RANGE_LOOP_ANALYSIS = YES;
				CLANG_WARN_STRICT_PROTOTYPES = YES;
				CLANG_WARN_SUSPICIOUS_MOVE = YES;
				CLANG_WARN_UNGUARDED_AVAILABILITY = YES_AGGRESSIVE;
				CLANG_WARN_UNREACHABLE_CODE = YES;
				CLANG_WARN__DUPLICATE_METHOD_MATCH = YES;
				COPY_PHASE_STRIP = NO;
				DEBUG_INFORMATION_FORMAT = "dwarf-with-dsym";
				ENABLE_NS_ASSERTIONS = NO;
				ENABLE_STRICT_OBJC_MSGSEND = YES;
				GCC_C_LANGUAGE_STANDARD = gnu11;
				GCC_NO_COMMON_BLOCKS = YES;
				GCC_WARN_64_TO_32_BIT_CONVERSION = YES;
				GCC_WARN_ABOUT_RETURN_TYPE = YES_ERROR;
				GCC_WARN_UNDECLARED_SELECTOR = YES;
				GCC_WARN_UNINITIALIZED_AUTOS = YES_AGGRESSIVE;
				GCC_WARN_UNUSED_FUNCTION = YES;
				GCC_WARN_UNUSED_VARIABLE = YES;
				IPHONEOS_DEPLOYMENT_TARGET = 16.4;
				MTL_ENABLE_DEBUG_INFO = NO;
				MTL_FAST_MATH = YES;
				SDKROOT = iphoneos;
				SWIFT_COMPILATION_MODE = wholemodule;
				SWIFT_OPTIMIZATION_LEVEL = "-O";
				VALIDATE_PRODUCT = YES;
			};
			name = Release;
		};
		B0E1FDC42A947EC30054531A /* Debug */ = {
			isa = XCBuildConfiguration;
			buildSettings = {
				ASSETCATALOG_COMPILER_APPICON_NAME = AppIcon;
				ASSETCATALOG_COMPILER_GLOBAL_ACCENT_COLOR_NAME = AccentColor;
				CODE_SIGN_STYLE = Automatic;
				CURRENT_PROJECT_VERSION = 1;
				DEVELOPMENT_ASSET_PATHS = "\"YinYang/Preview Content\"";
				ENABLE_PREVIEWS = YES;
				GENERATE_INFOPLIST_FILE = YES;
				INFOPLIST_KEY_UIApplicationSceneManifest_Generation = YES;
				INFOPLIST_KEY_UIApplicationSupportsIndirectInputEvents = YES;
				INFOPLIST_KEY_UILaunchScreen_Generation = YES;
				INFOPLIST_KEY_UISupportedInterfaceOrientations_iPad = "UIInterfaceOrientationPortrait UIInterfaceOrientationPortraitUpsideDown UIInterfaceOrientationLandscapeLeft UIInterfaceOrientationLandscapeRight";
				INFOPLIST_KEY_UISupportedInterfaceOrientations_iPhone = "UIInterfaceOrientationPortrait UIInterfaceOrientationLandscapeLeft UIInterfaceOrientationLandscapeRight";
				LD_RUNPATH_SEARCH_PATHS = (
					"$(inherited)",
					"@executable_path/Frameworks",
				);
				MARKETING_VERSION = 1.0;
				PRODUCT_BUNDLE_IDENTIFIER = com.mangoseason.YinYang;
				PRODUCT_NAME = "$(TARGET_NAME)";
				SWIFT_EMIT_LOC_STRINGS = YES;
				SWIFT_VERSION = 5.0;
				TARGETED_DEVICE_FAMILY = "1,2";
			};
			name = Debug;
		};
		B0E1FDC52A947EC30054531A /* Release */ = {
			isa = XCBuildConfiguration;
			buildSettings = {
				ASSETCATALOG_COMPILER_APPICON_NAME = AppIcon;
				ASSETCATALOG_COMPILER_GLOBAL_ACCENT_COLOR_NAME = AccentColor;
				CODE_SIGN_STYLE = Automatic;
				CURRENT_PROJECT_VERSION = 1;
				DEVELOPMENT_ASSET_PATHS = "\"YinYang/Preview Content\"";
				ENABLE_PREVIEWS = YES;
				GENERATE_INFOPLIST_FILE = YES;
				INFOPLIST_KEY_UIApplicationSceneManifest_Generation = YES;
				INFOPLIST_KEY_UIApplicationSupportsIndirectInputEvents = YES;
				INFOPLIST_KEY_UILaunchScreen_Generation = YES;
				INFOPLIST_KEY_UISupportedInterfaceOrientations_iPad = "UIInterfaceOrientationPortrait UIInterfaceOrientationPortraitUpsideDown UIInterfaceOrientationLandscapeLeft UIInterfaceOrientationLandscapeRight";
				INFOPLIST_KEY_UISupportedInterfaceOrientations_iPhone = "UIInterfaceOrientationPortrait UIInterfaceOrientationLandscapeLeft UIInterfaceOrientationLandscapeRight";
				LD_RUNPATH_SEARCH_PATHS = (
					"$(inherited)",
					"@executable_path/Frameworks",
				);
				MARKETING_VERSION = 1.0;
				PRODUCT_BUNDLE_IDENTIFIER = com.mangoseason.YinYang;
				PRODUCT_NAME = "$(TARGET_NAME)";
				SWIFT_EMIT_LOC_STRINGS = YES;
				SWIFT_VERSION = 5.0;
				TARGETED_DEVICE_FAMILY = "1,2";
			};
			name = Release;
		};
		B0E1FDC72A947EC30054531A /* Debug */ = {
			isa = XCBuildConfiguration;
			buildSettings = {
				ALWAYS_EMBED_SWIFT_STANDARD_LIBRARIES = YES;
				BUNDLE_LOADER = "$(TEST_HOST)";
				CODE_SIGN_STYLE = Automatic;
				CURRENT_PROJECT_VERSION = 1;
				GENERATE_INFOPLIST_FILE = YES;
				IPHONEOS_DEPLOYMENT_TARGET = 16.4;
				MARKETING_VERSION = 1.0;
				PRODUCT_BUNDLE_IDENTIFIER = com.mangoseason.YinYangTests;
				PRODUCT_NAME = "$(TARGET_NAME)";
				SWIFT_EMIT_LOC_STRINGS = NO;
				SWIFT_VERSION = 5.0;
				TARGETED_DEVICE_FAMILY = "1,2";
				TEST_HOST = "$(BUILT_PRODUCTS_DIR)/YinYang.app/$(BUNDLE_EXECUTABLE_FOLDER_PATH)/YinYang";
			};
			name = Debug;
		};
		B0E1FDC82A947EC30054531A /* Release */ = {
			isa = XCBuildConfiguration;
			buildSettings = {
				ALWAYS_EMBED_SWIFT_STANDARD_LIBRARIES = YES;
				BUNDLE_LOADER = "$(TEST_HOST)";
				CODE_SIGN_STYLE = Automatic;
				CURRENT_PROJECT_VERSION = 1;
				GENERATE_INFOPLIST_FILE = YES;
				IPHONEOS_DEPLOYMENT_TARGET = 16.4;
				MARKETING_VERSION = 1.0;
				PRODUCT_BUNDLE_IDENTIFIER = com.mangoseason.YinYangTests;
				PRODUCT_NAME = "$(TARGET_NAME)";
				SWIFT_EMIT_LOC_STRINGS = NO;
				SWIFT_VERSION = 5.0;
				TARGETED_DEVICE_FAMILY = "1,2";
				TEST_HOST = "$(BUILT_PRODUCTS_DIR)/YinYang.app/$(BUNDLE_EXECUTABLE_FOLDER_PATH)/YinYang";
			};
			name = Release;
		};
		B0E1FDCA2A947EC30054531A /* Debug */ = {
			isa = XCBuildConfiguration;
			buildSettings = {
				ALWAYS_EMBED_SWIFT_STANDARD_LIBRARIES = YES;
				CODE_SIGN_STYLE = Automatic;
				CURRENT_PROJECT_VERSION = 1;
				GENERATE_INFOPLIST_FILE = YES;
				MARKETING_VERSION = 1.0;
				PRODUCT_BUNDLE_IDENTIFIER = com.mangoseason.YinYangUITests;
				PRODUCT_NAME = "$(TARGET_NAME)";
				SWIFT_EMIT_LOC_STRINGS = NO;
				SWIFT_VERSION = 5.0;
				TARGETED_DEVICE_FAMILY = "1,2";
				TEST_TARGET_NAME = YinYang;
			};
			name = Debug;
		};
		B0E1FDCB2A947EC30054531A /* Release */ = {
			isa = XCBuildConfiguration;
			buildSettings = {
				ALWAYS_EMBED_SWIFT_STANDARD_LIBRARIES = YES;
				CODE_SIGN_STYLE = Automatic;
				CURRENT_PROJECT_VERSION = 1;
				GENERATE_INFOPLIST_FILE = YES;
				MARKETING_VERSION = 1.0;
				PRODUCT_BUNDLE_IDENTIFIER = com.mangoseason.YinYangUITests;
				PRODUCT_NAME = "$(TARGET_NAME)";
				SWIFT_EMIT_LOC_STRINGS = NO;
				SWIFT_VERSION = 5.0;
				TARGETED_DEVICE_FAMILY = "1,2";
				TEST_TARGET_NAME = YinYang;
			};
			name = Release;
		};
/* End XCBuildConfiguration section */

/* Begin XCConfigurationList section */
		B0E1FD9A2A947EC20054531A /* Build configuration list for PBXProject "YinYang" */ = {
			isa = XCConfigurationList;
			buildConfigurations = (
				B0E1FDC12A947EC30054531A /* Debug */,
				B0E1FDC22A947EC30054531A /* Release */,
			);
			defaultConfigurationIsVisible = 0;
			defaultConfigurationName = Release;
		};
		B0E1FDC32A947EC30054531A /* Build configuration list for PBXNativeTarget "YinYang" */ = {
			isa = XCConfigurationList;
			buildConfigurations = (
				B0E1FDC42A947EC30054531A /* Debug */,
				B0E1FDC52A947EC30054531A /* Release */,
			);
			defaultConfigurationIsVisible = 0;
			defaultConfigurationName = Release;
		};
		B0E1FDC62A947EC30054531A /* Build configuration list for PBXNativeTarget "YinYangTests" */ = {
			isa = XCConfigurationList;
			buildConfigurations = (
				B0E1FDC72A947EC30054531A /* Debug */,
				B0E1FDC82A947EC30054531A /* Release */,
			);
			defaultConfigurationIsVisible = 0;
			defaultConfigurationName = Release;
		};
		B0E1FDC92A947EC30054531A /* Build configuration list for PBXNativeTarget "YinYangUITests" */ = {
			isa = XCConfigurationList;
			buildConfigurations = (
				B0E1FDCA2A947EC30054531A /* Debug */,
				B0E1FDCB2A947EC30054531A /* Release */,
			);
			defaultConfigurationIsVisible = 0;
			defaultConfigurationName = Release;
		};
/* End XCConfigurationList section */
	};
	rootObject = B0E1FD972A947EC20054531A /* Project object */;
}
